schema: '2.0'
stages:
  collect:
    cmd: python3 src/random_data.py data/raw generate
    deps:
    - path: src/random_data.py
      hash: md5
      md5: 2c67560d3f7b42f6e0fe3da466312ed1
      size: 2907
  prepare:
    cmd: python3 src/prepare_data.py data/prepared/train/train.csv data/prepared/test/test.csv
    deps:
    - path: src/prepare_data.py
      hash: md5
      md5: cd55872a6c404fd0b5732420199ac2e2
      size: 1864
