schema: '2.0'
stages:
  collect:
    cmd: python src/random_data.py data/raw generate
    deps:
    - path: src/random_data.py
      hash: md5
      md5: 29e2d3542f9d81da09516a1f0f4aebda
      size: 3153
  prepare:
    cmd: python src/prepare_data.py data/prepared/train/train.csv data/prepared/test/test.csv
    deps:
    - path: src/prepare_data.py
      hash: md5
      md5: 147f5e30eabb45401afb4288466b8d79
      size: 2376
  train:
    cmd: python src/train.py data/prepared/train/train.csv data/prepared/test/test.csv
      metrics.csv
    deps:
    - path: src/train.py
      hash: md5
      md5: ee31c5c6dfc4bc3731b1b39c94b20418
      size: 5692
  deploy:
    cmd: docker build -t predictive_maintenance_app .
    deps:
    - path: dockerfile
      hash: md5
      md5: 1589217f81ea8ea115e801e99eac7c92
      size: 464
  check_metrics:
    cmd: python src/check_metrics.py temp.txt
    deps:
    - path: src/check_metrics.py
      hash: md5
      md5: 7b8acb4a486540fcfb2e4331de5a942e
      size: 614
