schema: '2.0'
stages:
  collect:
    cmd: python src/random_data.py data/raw generate
    deps:
    - path: src/random_data.py
      hash: md5
      md5: 2445810b6a00a8b81f8a9aef4e9fd4df
      size: 2838
  prepare:
    cmd: python src/prepare_data.py data/prepared/train/train.csv data/prepared/test/test.csv
    deps:
    - path: src/prepare_data.py
      hash: md5
      md5: 37221b97fefdaa550779fba9eb1076b0
      size: 2381
  train:
    cmd: python src/train.py data/prepared/train/train.csv data/prepared/test/test.csv
      metrics.csv
    deps:
    - path: src/train.py
      hash: md5
      md5: c2d7620717ba977685a80acb2561d61e
      size: 5650
  deploy:
    cmd: docker build -t predictive_maintenance_app .
    deps:
    - path: dockerfile
      hash: md5
      md5: 1589217f81ea8ea115e801e99eac7c92
      size: 464
  check_metrics:
    cmd: python src/check_metrics.py temp.txt
    deps:
    - path: src/check_metrics.py
      hash: md5
      md5: b666811b30f3df2f06ac3a48f6400c24
      size: 640
